
Microsoft Visual Studio Solution File, Format Version 12.00
# Visual Studio Version 16
VisualStudioVersion = 16.0.30128.74
MinimumVisualStudioVersion = 10.0.40219.1
Project("{9A19103F-16F7-4668-BE54-9A1E7A4F7556}") = "Cuber.Server", "Cuber.Server\Cuber.Server.csproj", "{BCA82C6D-B1EE-4FB6-B35F-1F13C69C3599}"
EndProject
Project("{FAE04EC0-301F-11D3-BF4B-00C04F79EFBC}") = "Cuber.Server.Tests", "Cuber.Server.Tests\Cuber.Server.Tests.csproj", "{70AC5E5F-BA6E-49EA-A40B-45F9493F936B}"
EndProject
Project("{2150E333-8FDC-42A3-9474-1A3956D46DE8}") = "Solution Items", "Solution Items", "{6F1DA5E5-9364-4948-88F6-7D7CF5D7D044}"
	ProjectSection(SolutionItems) = preProject
		.editorconfig = .editorconfig
	EndProjectSection
EndProject
Global
	GlobalSection(SolutionConfigurationPlatforms) = preSolution
		Debug|Any CPU = Debug|Any CPU
		Release|Any CPU = Release|Any CPU
	EndGlobalSection
	GlobalSection(ProjectConfigurationPlatforms) = postSolution
		{BCA82C6D-B1EE-4FB6-B35F-1F13C69C3599}.Debug|Any CPU.ActiveCfg = Debug|Any CPU
		{BCA82C6D-B1EE-4FB6-B35F-1F13C69C3599}.Debug|Any CPU.Build.0 = Debug|Any CPU
		{BCA82C6D-B1EE-4FB6-B35F-1F13C69C3599}.Release|Any CPU.ActiveCfg = Release|Any CPU
		{BCA82C6D-B1EE-4FB6-B35F-1F13C69C3599}.Release|Any CPU.Build.0 = Release|Any CPU
		{70AC5E5F-BA6E-49EA-A40B-45F9493F936B}.Debug|Any CPU.ActiveCfg = Debug|Any CPU
		{70AC5E5F-BA6E-49EA-A40B-45F9493F936B}.Debug|Any CPU.Build.0 = Debug|Any CPU
		{70AC5E5F-BA6E-49EA-A40B-45F9493F936B}.Release|Any CPU.ActiveCfg = Release|Any CPU
		{70AC5E5F-BA6E-49EA-A40B-45F9493F936B}.Release|Any CPU.Build.0 = Release|Any CPU
	EndGlobalSection
	GlobalSection(SolutionProperties) = preSolution
		HideSolutionNode = FALSE
	EndGlobalSection
	GlobalSection(ExtensibilityGlobals) = postSolution
		SolutionGuid = {786FD428-6A28-4647-AF57-1832A3ED6565}
	EndGlobalSection
EndGlobal
